# @generated by Move, please check-in and do not edit manually.

[move]
version = 2
manifest_digest = "6C710BFD6FD20BC435667FCC610DEC5389E385E40882E7DC904AA81D8A1E5562"
deps_digest = "F8BBB0CCB2491CA29A3DF03D6F92277A4F3574266507ACD77214D37ECA3F3082"
dependencies = [
  { name = "Sui" },
]

[[move.package]]
name = "MoveStdlib"
source = { git = "https://github.com/MystenLabs/sui.git", rev = "framework/mainnet", subdir = "crates\\sui-framework\\packages\\move-stdlib" }

[[move.package]]
name = "Sui"
source = { git = "https://github.com/MystenLabs/sui.git", rev = "framework/mainnet", subdir = "crates/sui-framework/packages/sui-framework" }

dependencies = [
  { name = "MoveStdlib" },
]

[move.toolchain-version]
compiler-version = "1.26.2"
edition = "legacy"
flavor = "sui"

[env]

[env.testnet]
chain-id = "4c78adac"
original-published-id = "0x7765d7efcb2848e24ca3dd33162687e320619a9999a104ecf2b6b8535baa9ba6"
latest-published-id = "0x7765d7efcb2848e24ca3dd33162687e320619a9999a104ecf2b6b8535baa9ba6"
published-version = "1"

[env.nodereal-mainnet]
chain-id = "35834a8a"
original-published-id = "0x322b254bb6586aea6fb26ca886d0313fa415b843cb5dabe2250c5d5cb596a8da"
latest-published-id = "0x322b254bb6586aea6fb26ca886d0313fa415b843cb5dabe2250c5d5cb596a8da"
published-version = "1"

[env.mainnet]
chain-id = "35834a8a"
original-published-id = "0xece1015e7799e25e4de12a731280b16b1cf978eefd2b8cdb12129c9e4032a38f"
latest-published-id = "0xece1015e7799e25e4de12a731280b16b1cf978eefd2b8cdb12129c9e4032a38f"
published-version = "1"

[env.m2]
chain-id = "ba63bf7f"
original-published-id = "0x56411a6332357f776558c18dc3f5c2720bdc65f25538e4fa852e346689951415"
latest-published-id = "0x56411a6332357f776558c18dc3f5c2720bdc65f25538e4fa852e346689951415"
published-version = "1"
